
Microsoft Visual Studio Solution File, Format Version 12.00
# Visual Studio 2013
VisualStudioVersion = 12.0.31101.0
MinimumVisualStudioVersion = 10.0.40219.1
Project("{FAE04EC0-301F-11D3-BF4B-00C04F79EFBC}") = "ProCSharp5", "ProCSharp5\ProCSharp5.csproj", "{CDEE64EF-83A9-45EB-A265-CF2DCE311150}"
EndProject
Global
	GlobalSection(SolutionConfigurationPlatforms) = preSolution
		Debug|Any CPU = Debug|Any CPU
		Release|Any CPU = Release|Any CPU
	EndGlobalSection
	GlobalSection(ProjectConfigurationPlatforms) = postSolution
		{CDEE64EF-83A9-45EB-A265-CF2DCE311150}.Debug|Any CPU.ActiveCfg = Debug|Any CPU
		{CDEE64EF-83A9-45EB-A265-CF2DCE311150}.Debug|Any CPU.Build.0 = Debug|Any CPU
		{CDEE64EF-83A9-45EB-A265-CF2DCE311150}.Release|Any CPU.ActiveCfg = Release|Any CPU
		{CDEE64EF-83A9-45EB-A265-CF2DCE311150}.Release|Any CPU.Build.0 = Release|Any CPU
	EndGlobalSection
	GlobalSection(SolutionProperties) = preSolution
		HideSolutionNode = FALSE
	EndGlobalSection
EndGlobal
